
Microsoft Visual Studio Solution File, Format Version 12.00
# Visual Studio 15
VisualStudioVersion = 15.0.27428.2015
MinimumVisualStudioVersion = 10.0.40219.1
Project("{FAE04EC0-301F-11D3-BF4B-00C04F79EFBC}") = "ZXStudio", "ZXStudio.csproj", "{CC90ED78-D93C-4FD6-851A-C7064ACD1475}"
EndProject
Project("{FAE04EC0-301F-11D3-BF4B-00C04F79EFBC}") = "ZXCassettDeck", "..\ZXCassettDeck\ZXCassettDeck.csproj", "{4A0C0890-4A21-4EA2-98AA-1C2C71454FB5}"
EndProject
Global
	GlobalSection(SolutionConfigurationPlatforms) = preSolution
		Debug|Any CPU = Debug|Any CPU
		Release|Any CPU = Release|Any CPU
	EndGlobalSection
	GlobalSection(ProjectConfigurationPlatforms) = postSolution
		{CC90ED78-D93C-4FD6-851A-C7064ACD1475}.Debug|Any CPU.ActiveCfg = Debug|Any CPU
		{CC90ED78-D93C-4FD6-851A-C7064ACD1475}.Debug|Any CPU.Build.0 = Debug|Any CPU
		{CC90ED78-D93C-4FD6-851A-C7064ACD1475}.Release|Any CPU.ActiveCfg = Release|Any CPU
		{CC90ED78-D93C-4FD6-851A-C7064ACD1475}.Release|Any CPU.Build.0 = Release|Any CPU
		{4A0C0890-4A21-4EA2-98AA-1C2C71454FB5}.Debug|Any CPU.ActiveCfg = Debug|Any CPU
		{4A0C0890-4A21-4EA2-98AA-1C2C71454FB5}.Debug|Any CPU.Build.0 = Debug|Any CPU
		{4A0C0890-4A21-4EA2-98AA-1C2C71454FB5}.Release|Any CPU.ActiveCfg = Release|Any CPU
		{4A0C0890-4A21-4EA2-98AA-1C2C71454FB5}.Release|Any CPU.Build.0 = Release|Any CPU
	EndGlobalSection
	GlobalSection(SolutionProperties) = preSolution
		HideSolutionNode = FALSE
	EndGlobalSection
	GlobalSection(ExtensibilityGlobals) = postSolution
		SolutionGuid = {73C83F16-5924-4183-8131-EC3A6D41BEC6}
	EndGlobalSection
EndGlobal
